
Microsoft Visual Studio Solution File, Format Version 12.00
# Visual Studio 2013
VisualStudioVersion = 12.0.31101.0
MinimumVisualStudioVersion = 10.0.40219.1
Project("{FAE04EC0-301F-11D3-BF4B-00C04F79EFBC}") = "PRAXamForms", "PRAXamForms\PRAXamForms\PRAXamForms.csproj", "{1A6A08B3-05AE-462E-9091-53DAB93B838D}"
EndProject
Project("{FAE04EC0-301F-11D3-BF4B-00C04F79EFBC}") = "PRAXamForms.iOS", "PRAXamForms\PRAXamForms.iOS\PRAXamForms.iOS.csproj", "{9A7DBEF0-0A66-499A-9CFE-3817FEED17C0}"
EndProject
Project("{FAE04EC0-301F-11D3-BF4B-00C04F79EFBC}") = "PRAXamForms.Droid", "PRAXamForms\PRAXamForms.Droid\PRAXamForms.Droid.csproj", "{64F090C7-A0A6-475C-912F-78BEC7E38041}"
EndProject
Project("{2150E333-8FDC-42A3-9474-1A3956D46DE8}") = "Api", "Api", "{BE831EC3-1190-4017-8605-E30BED358AC6}"
EndProject
Project("{FAE04EC0-301F-11D3-BF4B-00C04F79EFBC}") = "PRAXamForms.Api", "PRAXamForms.Api\PRAXamForms.Api.csproj", "{537591D4-FCB4-4E39-996F-D5D62E3FE294}"
EndProject
Project("{FAE04EC0-301F-11D3-BF4B-00C04F79EFBC}") = "PRAXamForms.Data", "PRAXamForms.Data\PRAXamForms.Data.csproj", "{A4F90165-13DE-42B3-A09C-A62B6045738B}"
EndProject
Project("{FAE04EC0-301F-11D3-BF4B-00C04F79EFBC}") = "PRAXamForms.Core", "PRAXamForms.Core\PRAXamForms.Core.csproj", "{50DDDB6D-3171-45BD-8513-79EA432FD80E}"
EndProject
Global
	GlobalSection(SolutionConfigurationPlatforms) = preSolution
		Ad-Hoc|Any CPU = Ad-Hoc|Any CPU
		Ad-Hoc|iPhone = Ad-Hoc|iPhone
		Ad-Hoc|iPhoneSimulator = Ad-Hoc|iPhoneSimulator
		Ad-Hoc|Mixed Platforms = Ad-Hoc|Mixed Platforms
		AppStore|Any CPU = AppStore|Any CPU
		AppStore|iPhone = AppStore|iPhone
		AppStore|iPhoneSimulator = AppStore|iPhoneSimulator
		AppStore|Mixed Platforms = AppStore|Mixed Platforms
		Debug|Any CPU = Debug|Any CPU
		Debug|iPhone = Debug|iPhone
		Debug|iPhoneSimulator = Debug|iPhoneSimulator
		Debug|Mixed Platforms = Debug|Mixed Platforms
		Release|Any CPU = Release|Any CPU
		Release|iPhone = Release|iPhone
		Release|iPhoneSimulator = Release|iPhoneSimulator
		Release|Mixed Platforms = Release|Mixed Platforms
	EndGlobalSection
	GlobalSection(ProjectConfigurationPlatforms) = postSolution
		{1A6A08B3-05AE-462E-9091-53DAB93B838D}.Ad-Hoc|Any CPU.ActiveCfg = Release|Any CPU
		{1A6A08B3-05AE-462E-9091-53DAB93B838D}.Ad-Hoc|Any CPU.Build.0 = Release|Any CPU
		{1A6A08B3-05AE-462E-9091-53DAB93B838D}.Ad-Hoc|iPhone.ActiveCfg = Release|Any CPU
		{1A6A08B3-05AE-462E-9091-53DAB93B838D}.Ad-Hoc|iPhoneSimulator.ActiveCfg = Release|Any CPU
		{1A6A08B3-05AE-462E-9091-53DAB93B838D}.Ad-Hoc|Mixed Platforms.ActiveCfg = Release|Any CPU
		{1A6A08B3-05AE-462E-9091-53DAB93B838D}.Ad-Hoc|Mixed Platforms.Build.0 = Release|Any CPU
		{1A6A08B3-05AE-462E-9091-53DAB93B838D}.AppStore|Any CPU.ActiveCfg = Release|Any CPU
		{1A6A08B3-05AE-462E-9091-53DAB93B838D}.AppStore|Any CPU.Build.0 = Release|Any CPU
		{1A6A08B3-05AE-462E-9091-53DAB93B838D}.AppStore|iPhone.ActiveCfg = Release|Any CPU
		{1A6A08B3-05AE-462E-9091-53DAB93B838D}.AppStore|iPhoneSimulator.ActiveCfg = Release|Any CPU
		{1A6A08B3-05AE-462E-9091-53DAB93B838D}.AppStore|Mixed Platforms.ActiveCfg = Release|Any CPU
		{1A6A08B3-05AE-462E-9091-53DAB93B838D}.AppStore|Mixed Platforms.Build.0 = Release|Any CPU
		{1A6A08B3-05AE-462E-9091-53DAB93B838D}.Debug|Any CPU.ActiveCfg = Debug|Any CPU
		{1A6A08B3-05AE-462E-9091-53DAB93B838D}.Debug|Any CPU.Build.0 = Debug|Any CPU
		{1A6A08B3-05AE-462E-9091-53DAB93B838D}.Debug|iPhone.ActiveCfg = Debug|Any CPU
		{1A6A08B3-05AE-462E-9091-53DAB93B838D}.Debug|iPhoneSimulator.ActiveCfg = Debug|Any CPU
		{1A6A08B3-05AE-462E-9091-53DAB93B838D}.Debug|Mixed Platforms.ActiveCfg = Debug|Any CPU
		{1A6A08B3-05AE-462E-9091-53DAB93B838D}.Debug|Mixed Platforms.Build.0 = Debug|Any CPU
		{1A6A08B3-05AE-462E-9091-53DAB93B838D}.Release|Any CPU.ActiveCfg = Release|Any CPU
		{1A6A08B3-05AE-462E-9091-53DAB93B838D}.Release|Any CPU.Build.0 = Release|Any CPU
		{1A6A08B3-05AE-462E-9091-53DAB93B838D}.Release|iPhone.ActiveCfg = Release|Any CPU
		{1A6A08B3-05AE-462E-9091-53DAB93B838D}.Release|iPhoneSimulator.ActiveCfg = Release|Any CPU
		{1A6A08B3-05AE-462E-9091-53DAB93B838D}.Release|Mixed Platforms.ActiveCfg = Release|Any CPU
		{1A6A08B3-05AE-462E-9091-53DAB93B838D}.Release|Mixed Platforms.Build.0 = Release|Any CPU
		{9A7DBEF0-0A66-499A-9CFE-3817FEED17C0}.Ad-Hoc|Any CPU.ActiveCfg = Ad-Hoc|iPhone
		{9A7DBEF0-0A66-499A-9CFE-3817FEED17C0}.Ad-Hoc|iPhone.ActiveCfg = Ad-Hoc|iPhone
		{9A7DBEF0-0A66-499A-9CFE-3817FEED17C0}.Ad-Hoc|iPhone.Build.0 = Ad-Hoc|iPhone
		{9A7DBEF0-0A66-499A-9CFE-3817FEED17C0}.Ad-Hoc|iPhoneSimulator.ActiveCfg = Ad-Hoc|iPhoneSimulator
		{9A7DBEF0-0A66-499A-9CFE-3817FEED17C0}.Ad-Hoc|iPhoneSimulator.Build.0 = Ad-Hoc|iPhoneSimulator
		{9A7DBEF0-0A66-499A-9CFE-3817FEED17C0}.Ad-Hoc|Mixed Platforms.ActiveCfg = Ad-Hoc|iPhone
		{9A7DBEF0-0A66-499A-9CFE-3817FEED17C0}.Ad-Hoc|Mixed Platforms.Build.0 = Ad-Hoc|iPhone
		{9A7DBEF0-0A66-499A-9CFE-3817FEED17C0}.AppStore|Any CPU.ActiveCfg = AppStore|iPhone
		{9A7DBEF0-0A66-499A-9CFE-3817FEED17C0}.AppStore|iPhone.ActiveCfg = AppStore|iPhone
		{9A7DBEF0-0A66-499A-9CFE-3817FEED17C0}.AppStore|iPhone.Build.0 = AppStore|iPhone
		{9A7DBEF0-0A66-499A-9CFE-3817FEED17C0}.AppStore|iPhoneSimulator.ActiveCfg = AppStore|iPhoneSimulator
		{9A7DBEF0-0A66-499A-9CFE-3817FEED17C0}.AppStore|iPhoneSimulator.Build.0 = AppStore|iPhoneSimulator
		{9A7DBEF0-0A66-499A-9CFE-3817FEED17C0}.AppStore|Mixed Platforms.ActiveCfg = AppStore|iPhone
		{9A7DBEF0-0A66-499A-9CFE-3817FEED17C0}.AppStore|Mixed Platforms.Build.0 = AppStore|iPhone
		{9A7DBEF0-0A66-499A-9CFE-3817FEED17C0}.Debug|Any CPU.ActiveCfg = Debug|iPhone
		{9A7DBEF0-0A66-499A-9CFE-3817FEED17C0}.Debug|iPhone.ActiveCfg = Debug|iPhone
		{9A7DBEF0-0A66-499A-9CFE-3817FEED17C0}.Debug|iPhone.Build.0 = Debug|iPhone
		{9A7DBEF0-0A66-499A-9CFE-3817FEED17C0}.Debug|iPhoneSimulator.ActiveCfg = Debug|iPhoneSimulator
		{9A7DBEF0-0A66-499A-9CFE-3817FEED17C0}.Debug|iPhoneSimulator.Build.0 = Debug|iPhoneSimulator
		{9A7DBEF0-0A66-499A-9CFE-3817FEED17C0}.Debug|Mixed Platforms.ActiveCfg = Debug|iPhone
		{9A7DBEF0-0A66-499A-9CFE-3817FEED17C0}.Debug|Mixed Platforms.Build.0 = Debug|iPhone
		{9A7DBEF0-0A66-499A-9CFE-3817FEED17C0}.Release|Any CPU.ActiveCfg = Release|iPhone
		{9A7DBEF0-0A66-499A-9CFE-3817FEED17C0}.Release|iPhone.ActiveCfg = Release|iPhone
		{9A7DBEF0-0A66-499A-9CFE-3817FEED17C0}.Release|iPhone.Build.0 = Release|iPhone
		{9A7DBEF0-0A66-499A-9CFE-3817FEED17C0}.Release|iPhoneSimulator.ActiveCfg = Release|iPhoneSimulator
		{9A7DBEF0-0A66-499A-9CFE-3817FEED17C0}.Release|iPhoneSimulator.Build.0 = Release|iPhoneSimulator
		{9A7DBEF0-0A66-499A-9CFE-3817FEED17C0}.Release|Mixed Platforms.ActiveCfg = Release|iPhone
		{9A7DBEF0-0A66-499A-9CFE-3817FEED17C0}.Release|Mixed Platforms.Build.0 = Release|iPhone
		{64F090C7-A0A6-475C-912F-78BEC7E38041}.Ad-Hoc|Any CPU.ActiveCfg = Release|Any CPU
		{64F090C7-A0A6-475C-912F-78BEC7E38041}.Ad-Hoc|Any CPU.Build.0 = Release|Any CPU
		{64F090C7-A0A6-475C-912F-78BEC7E38041}.Ad-Hoc|Any CPU.Deploy.0 = Release|Any CPU
		{64F090C7-A0A6-475C-912F-78BEC7E38041}.Ad-Hoc|iPhone.ActiveCfg = Release|Any CPU
		{64F090C7-A0A6-475C-912F-78BEC7E38041}.Ad-Hoc|iPhoneSimulator.ActiveCfg = Release|Any CPU
		{64F090C7-A0A6-475C-912F-78BEC7E38041}.Ad-Hoc|Mixed Platforms.ActiveCfg = Release|Any CPU
		{64F090C7-A0A6-475C-912F-78BEC7E38041}.Ad-Hoc|Mixed Platforms.Build.0 = Release|Any CPU
		{64F090C7-A0A6-475C-912F-78BEC7E38041}.Ad-Hoc|Mixed Platforms.Deploy.0 = Release|Any CPU
		{64F090C7-A0A6-475C-912F-78BEC7E38041}.AppStore|Any CPU.ActiveCfg = Release|Any CPU
		{64F090C7-A0A6-475C-912F-78BEC7E38041}.AppStore|Any CPU.Build.0 = Release|Any CPU
		{64F090C7-A0A6-475C-912F-78BEC7E38041}.AppStore|Any CPU.Deploy.0 = Release|Any CPU
		{64F090C7-A0A6-475C-912F-78BEC7E38041}.AppStore|iPhone.ActiveCfg = Release|Any CPU
		{64F090C7-A0A6-475C-912F-78BEC7E38041}.AppStore|iPhoneSimulator.ActiveCfg = Release|Any CPU
		{64F090C7-A0A6-475C-912F-78BEC7E38041}.AppStore|Mixed Platforms.ActiveCfg = Release|Any CPU
		{64F090C7-A0A6-475C-912F-78BEC7E38041}.AppStore|Mixed Platforms.Build.0 = Release|Any CPU
		{64F090C7-A0A6-475C-912F-78BEC7E38041}.AppStore|Mixed Platforms.Deploy.0 = Release|Any CPU
		{64F090C7-A0A6-475C-912F-78BEC7E38041}.Debug|Any CPU.ActiveCfg = Debug|Any CPU
		{64F090C7-A0A6-475C-912F-78BEC7E38041}.Debug|Any CPU.Build.0 = Debug|Any CPU
		{64F090C7-A0A6-475C-912F-78BEC7E38041}.Debug|Any CPU.Deploy.0 = Debug|Any CPU
		{64F090C7-A0A6-475C-912F-78BEC7E38041}.Debug|iPhone.ActiveCfg = Debug|Any CPU
		{64F090C7-A0A6-475C-912F-78BEC7E38041}.Debug|iPhoneSimulator.ActiveCfg = Debug|Any CPU
		{64F090C7-A0A6-475C-912F-78BEC7E38041}.Debug|Mixed Platforms.ActiveCfg = Debug|Any CPU
		{64F090C7-A0A6-475C-912F-78BEC7E38041}.Debug|Mixed Platforms.Build.0 = Debug|Any CPU
		{64F090C7-A0A6-475C-912F-78BEC7E38041}.Debug|Mixed Platforms.Deploy.0 = Debug|Any CPU
		{64F090C7-A0A6-475C-912F-78BEC7E38041}.Release|Any CPU.ActiveCfg = Release|Any CPU
		{64F090C7-A0A6-475C-912F-78BEC7E38041}.Release|Any CPU.Build.0 = Release|Any CPU
		{64F090C7-A0A6-475C-912F-78BEC7E38041}.Release|Any CPU.Deploy.0 = Release|Any CPU
		{64F090C7-A0A6-475C-912F-78BEC7E38041}.Release|iPhone.ActiveCfg = Release|Any CPU
		{64F090C7-A0A6-475C-912F-78BEC7E38041}.Release|iPhoneSimulator.ActiveCfg = Release|Any CPU
		{64F090C7-A0A6-475C-912F-78BEC7E38041}.Release|Mixed Platforms.ActiveCfg = Release|Any CPU
		{64F090C7-A0A6-475C-912F-78BEC7E38041}.Release|Mixed Platforms.Build.0 = Release|Any CPU
		{64F090C7-A0A6-475C-912F-78BEC7E38041}.Release|Mixed Platforms.Deploy.0 = Release|Any CPU
		{537591D4-FCB4-4E39-996F-D5D62E3FE294}.Ad-Hoc|Any CPU.ActiveCfg = Release|Any CPU
		{537591D4-FCB4-4E39-996F-D5D62E3FE294}.Ad-Hoc|Any CPU.Build.0 = Release|Any CPU
		{537591D4-FCB4-4E39-996F-D5D62E3FE294}.Ad-Hoc|iPhone.ActiveCfg = Release|Any CPU
		{537591D4-FCB4-4E39-996F-D5D62E3FE294}.Ad-Hoc|iPhoneSimulator.ActiveCfg = Release|Any CPU
		{537591D4-FCB4-4E39-996F-D5D62E3FE294}.Ad-Hoc|Mixed Platforms.ActiveCfg = Release|Any CPU
		{537591D4-FCB4-4E39-996F-D5D62E3FE294}.Ad-Hoc|Mixed Platforms.Build.0 = Release|Any CPU
		{537591D4-FCB4-4E39-996F-D5D62E3FE294}.AppStore|Any CPU.ActiveCfg = Release|Any CPU
		{537591D4-FCB4-4E39-996F-D5D62E3FE294}.AppStore|Any CPU.Build.0 = Release|Any CPU
		{537591D4-FCB4-4E39-996F-D5D62E3FE294}.AppStore|iPhone.ActiveCfg = Release|Any CPU
		{537591D4-FCB4-4E39-996F-D5D62E3FE294}.AppStore|iPhoneSimulator.ActiveCfg = Release|Any CPU
		{537591D4-FCB4-4E39-996F-D5D62E3FE294}.AppStore|Mixed Platforms.ActiveCfg = Release|Any CPU
		{537591D4-FCB4-4E39-996F-D5D62E3FE294}.AppStore|Mixed Platforms.Build.0 = Release|Any CPU
		{537591D4-FCB4-4E39-996F-D5D62E3FE294}.Debug|Any CPU.ActiveCfg = Debug|Any CPU
		{537591D4-FCB4-4E39-996F-D5D62E3FE294}.Debug|Any CPU.Build.0 = Debug|Any CPU
		{537591D4-FCB4-4E39-996F-D5D62E3FE294}.Debug|iPhone.ActiveCfg = Debug|Any CPU
		{537591D4-FCB4-4E39-996F-D5D62E3FE294}.Debug|iPhoneSimulator.ActiveCfg = Debug|Any CPU
		{537591D4-FCB4-4E39-996F-D5D62E3FE294}.Debug|Mixed Platforms.ActiveCfg = Debug|Any CPU
		{537591D4-FCB4-4E39-996F-D5D62E3FE294}.Debug|Mixed Platforms.Build.0 = Debug|Any CPU
		{537591D4-FCB4-4E39-996F-D5D62E3FE294}.Release|Any CPU.ActiveCfg = Release|Any CPU
		{537591D4-FCB4-4E39-996F-D5D62E3FE294}.Release|Any CPU.Build.0 = Release|Any CPU
		{537591D4-FCB4-4E39-996F-D5D62E3FE294}.Release|iPhone.ActiveCfg = Release|Any CPU
		{537591D4-FCB4-4E39-996F-D5D62E3FE294}.Release|iPhoneSimulator.ActiveCfg = Release|Any CPU
		{537591D4-FCB4-4E39-996F-D5D62E3FE294}.Release|Mixed Platforms.ActiveCfg = Release|Any CPU
		{537591D4-FCB4-4E39-996F-D5D62E3FE294}.Release|Mixed Platforms.Build.0 = Release|Any CPU
		{A4F90165-13DE-42B3-A09C-A62B6045738B}.Ad-Hoc|Any CPU.ActiveCfg = Release|Any CPU
		{A4F90165-13DE-42B3-A09C-A62B6045738B}.Ad-Hoc|Any CPU.Build.0 = Release|Any CPU
		{A4F90165-13DE-42B3-A09C-A62B6045738B}.Ad-Hoc|iPhone.ActiveCfg = Release|Any CPU
		{A4F90165-13DE-42B3-A09C-A62B6045738B}.Ad-Hoc|iPhoneSimulator.ActiveCfg = Release|Any CPU
		{A4F90165-13DE-42B3-A09C-A62B6045738B}.Ad-Hoc|Mixed Platforms.ActiveCfg = Release|Any CPU
		{A4F90165-13DE-42B3-A09C-A62B6045738B}.Ad-Hoc|Mixed Platforms.Build.0 = Release|Any CPU
		{A4F90165-13DE-42B3-A09C-A62B6045738B}.AppStore|Any CPU.ActiveCfg = Release|Any CPU
		{A4F90165-13DE-42B3-A09C-A62B6045738B}.AppStore|Any CPU.Build.0 = Release|Any CPU
		{A4F90165-13DE-42B3-A09C-A62B6045738B}.AppStore|iPhone.ActiveCfg = Release|Any CPU
		{A4F90165-13DE-42B3-A09C-A62B6045738B}.AppStore|iPhoneSimulator.ActiveCfg = Release|Any CPU
		{A4F90165-13DE-42B3-A09C-A62B6045738B}.AppStore|Mixed Platforms.ActiveCfg = Release|Any CPU
		{A4F90165-13DE-42B3-A09C-A62B6045738B}.AppStore|Mixed Platforms.Build.0 = Release|Any CPU
		{A4F90165-13DE-42B3-A09C-A62B6045738B}.Debug|Any CPU.ActiveCfg = Debug|Any CPU
		{A4F90165-13DE-42B3-A09C-A62B6045738B}.Debug|Any CPU.Build.0 = Debug|Any CPU
		{A4F90165-13DE-42B3-A09C-A62B6045738B}.Debug|iPhone.ActiveCfg = Debug|Any CPU
		{A4F90165-13DE-42B3-A09C-A62B6045738B}.Debug|iPhoneSimulator.ActiveCfg = Debug|Any CPU
		{A4F90165-13DE-42B3-A09C-A62B6045738B}.Debug|Mixed Platforms.ActiveCfg = Debug|Any CPU
		{A4F90165-13DE-42B3-A09C-A62B6045738B}.Debug|Mixed Platforms.Build.0 = Debug|Any CPU
		{A4F90165-13DE-42B3-A09C-A62B6045738B}.Release|Any CPU.ActiveCfg = Release|Any CPU
		{A4F90165-13DE-42B3-A09C-A62B6045738B}.Release|Any CPU.Build.0 = Release|Any CPU
		{A4F90165-13DE-42B3-A09C-A62B6045738B}.Release|iPhone.ActiveCfg = Release|Any CPU
		{A4F90165-13DE-42B3-A09C-A62B6045738B}.Release|iPhoneSimulator.ActiveCfg = Release|Any CPU
		{A4F90165-13DE-42B3-A09C-A62B6045738B}.Release|Mixed Platforms.ActiveCfg = Release|Any CPU
		{A4F90165-13DE-42B3-A09C-A62B6045738B}.Release|Mixed Platforms.Build.0 = Release|Any CPU
		{50DDDB6D-3171-45BD-8513-79EA432FD80E}.Ad-Hoc|Any CPU.ActiveCfg = Release|Any CPU
		{50DDDB6D-3171-45BD-8513-79EA432FD80E}.Ad-Hoc|Any CPU.Build.0 = Release|Any CPU
		{50DDDB6D-3171-45BD-8513-79EA432FD80E}.Ad-Hoc|iPhone.ActiveCfg = Release|Any CPU
		{50DDDB6D-3171-45BD-8513-79EA432FD80E}.Ad-Hoc|iPhoneSimulator.ActiveCfg = Release|Any CPU
		{50DDDB6D-3171-45BD-8513-79EA432FD80E}.Ad-Hoc|Mixed Platforms.ActiveCfg = Release|Any CPU
		{50DDDB6D-3171-45BD-8513-79EA432FD80E}.Ad-Hoc|Mixed Platforms.Build.0 = Release|Any CPU
		{50DDDB6D-3171-45BD-8513-79EA432FD80E}.AppStore|Any CPU.ActiveCfg = Release|Any CPU
		{50DDDB6D-3171-45BD-8513-79EA432FD80E}.AppStore|Any CPU.Build.0 = Release|Any CPU
		{50DDDB6D-3171-45BD-8513-79EA432FD80E}.AppStore|iPhone.ActiveCfg = Release|Any CPU
		{50DDDB6D-3171-45BD-8513-79EA432FD80E}.AppStore|iPhoneSimulator.ActiveCfg = Release|Any CPU
		{50DDDB6D-3171-45BD-8513-79EA432FD80E}.AppStore|Mixed Platforms.ActiveCfg = Release|Any CPU
		{50DDDB6D-3171-45BD-8513-79EA432FD80E}.AppStore|Mixed Platforms.Build.0 = Release|Any CPU
		{50DDDB6D-3171-45BD-8513-79EA432FD80E}.Debug|Any CPU.ActiveCfg = Debug|Any CPU
		{50DDDB6D-3171-45BD-8513-79EA432FD80E}.Debug|Any CPU.Build.0 = Debug|Any CPU
		{50DDDB6D-3171-45BD-8513-79EA432FD80E}.Debug|iPhone.ActiveCfg = Debug|Any CPU
		{50DDDB6D-3171-45BD-8513-79EA432FD80E}.Debug|iPhoneSimulator.ActiveCfg = Debug|Any CPU
		{50DDDB6D-3171-45BD-8513-79EA432FD80E}.Debug|Mixed Platforms.ActiveCfg = Debug|Any CPU
		{50DDDB6D-3171-45BD-8513-79EA432FD80E}.Debug|Mixed Platforms.Build.0 = Debug|Any CPU
		{50DDDB6D-3171-45BD-8513-79EA432FD80E}.Release|Any CPU.ActiveCfg = Release|Any CPU
		{50DDDB6D-3171-45BD-8513-79EA432FD80E}.Release|Any CPU.Build.0 = Release|Any CPU
		{50DDDB6D-3171-45BD-8513-79EA432FD80E}.Release|iPhone.ActiveCfg = Release|Any CPU
		{50DDDB6D-3171-45BD-8513-79EA432FD80E}.Release|iPhoneSimulator.ActiveCfg = Release|Any CPU
		{50DDDB6D-3171-45BD-8513-79EA432FD80E}.Release|Mixed Platforms.ActiveCfg = Release|Any CPU
		{50DDDB6D-3171-45BD-8513-79EA432FD80E}.Release|Mixed Platforms.Build.0 = Release|Any CPU
	EndGlobalSection
	GlobalSection(SolutionProperties) = preSolution
		HideSolutionNode = FALSE
	EndGlobalSection
	GlobalSection(NestedProjects) = preSolution
		{537591D4-FCB4-4E39-996F-D5D62E3FE294} = {BE831EC3-1190-4017-8605-E30BED358AC6}
		{A4F90165-13DE-42B3-A09C-A62B6045738B} = {BE831EC3-1190-4017-8605-E30BED358AC6}
	EndGlobalSection
EndGlobal
